// !$*UTF8*$!
{
	archiveVersion = 1;
	classes = {
	};
	objectVersion = 50;
	objects = {

/* Begin PBXBuildFile section */
		2BEE801D264CC3F600B2F403 /* Tests_iOS.swift in Sources */ = {isa = PBXBuildFile; fileRef = 2BEE801C264CC3F600B2F403 /* Tests_iOS.swift */; };
		2BEE8028264CC3F600B2F403 /* Tests_macOS.swift in Sources */ = {isa = PBXBuildFile; fileRef = 2BEE8027264CC3F600B2F403 /* Tests_macOS.swift */; };
		2BEE802A264CC3F600B2F403 /* MyMusicPlayerApp.swift in Sources */ = {isa = PBXBuildFile; fileRef = 2BEE8001264CC3F200B2F403 /* MyMusicPlayerApp.swift */; };
		2BEE802B264CC3F600B2F403 /* MyMusicPlayerApp.swift in Sources */ = {isa = PBXBuildFile; fileRef = 2BEE8001264CC3F200B2F403 /* MyMusicPlayerApp.swift */; };
		2BEE802C264CC3F600B2F403 /* ContentView.swift in Sources */ = {isa = PBXBuildFile; fileRef = 2BEE8002264CC3F200B2F403 /* ContentView.swift */; };
		2BEE802E264CC3F600B2F403 /* Assets.xcassets in Resources */ = {isa = PBXBuildFile; fileRef = 2BEE8003264CC3F600B2F403 /* Assets.xcassets */; };
		2BEE802F264CC3F600B2F403 /* Assets.xcassets in Resources */ = {isa = PBXBuildFile; fileRef = 2BEE8003264CC3F600B2F403 /* Assets.xcassets */; };
		2BEE803F264CC44A00B2F403 /* Extensions.swift in Sources */ = {isa = PBXBuildFile; fileRef = 2BEE803E264CC44A00B2F403 /* Extensions.swift */; };
		2BEE8040264CC44A00B2F403 /* Extensions.swift in Sources */ = {isa = PBXBuildFile; fileRef = 2BEE803E264CC44A00B2F403 /* Extensions.swift */; };
		2BEE8046264CCA0600B2F403 /* TWICE - MORE & MORE (Original English Demo by Zara Larsson).mp3 in Resources */ = {isa = PBXBuildFile; fileRef = 2BEE8041264CCA0500B2F403 /* TWICE - MORE & MORE (Original English Demo by Zara Larsson).mp3 */; };
		2BEE8047264CCA0600B2F403 /* TWICE - MORE & MORE (Original English Demo by Zara Larsson).mp3 in Resources */ = {isa = PBXBuildFile; fileRef = 2BEE8041264CCA0500B2F403 /* TWICE - MORE & MORE (Original English Demo by Zara Larsson).mp3 */; };
		2BEE8048264CCA0600B2F403 /* Hyper Potions - Pika Dance.mp3 in Resources */ = {isa = PBXBuildFile; fileRef = 2BEE8042264CCA0500B2F403 /* Hyper Potions - Pika Dance.mp3 */; };
		2BEE8049264CCA0600B2F403 /* Hyper Potions - Pika Dance.mp3 in Resources */ = {isa = PBXBuildFile; fileRef = 2BEE8042264CCA0500B2F403 /* Hyper Potions - Pika Dance.mp3 */; };
		2BEE804A264CCA0600B2F403 /* THX theme, but it keeps rising.mp3 in Resources */ = {isa = PBXBuildFile; fileRef = 2BEE8043264CCA0600B2F403 /* THX theme, but it keeps rising.mp3 */; };
		2BEE804B264CCA0600B2F403 /* THX theme, but it keeps rising.mp3 in Resources */ = {isa = PBXBuildFile; fileRef = 2BEE8043264CCA0600B2F403 /* THX theme, but it keeps rising.mp3 */; };
		2BEE804C264CCA0600B2F403 /* ITZY - 24HRS (SOPHIE Demo).mp3 in Resources */ = {isa = PBXBuildFile; fileRef = 2BEE8044264CCA0600B2F403 /* ITZY - 24HRS (SOPHIE Demo).mp3 */; };
		2BEE804D264CCA0600B2F403 /* ITZY - 24HRS (SOPHIE Demo).mp3 in Resources */ = {isa = PBXBuildFile; fileRef = 2BEE8044264CCA0600B2F403 /* ITZY - 24HRS (SOPHIE Demo).mp3 */; };
		2BEE804E264CCA0600B2F403 /* Nintendo - Super Mario Run.mp3 in Resources */ = {isa = PBXBuildFile; fileRef = 2BEE8045264CCA0600B2F403 /* Nintendo - Super Mario Run.mp3 */; };
		2BEE804F264CCA0600B2F403 /* Nintendo - Super Mario Run.mp3 in Resources */ = {isa = PBXBuildFile; fileRef = 2BEE8045264CCA0600B2F403 /* Nintendo - Super Mario Run.mp3 */; };
/* End PBXBuildFile section */

/* Begin PBXContainerItemProxy section */
		2BEE8019264CC3F600B2F403 /* PBXContainerItemProxy */ = {
			isa = PBXContainerItemProxy;
			containerPortal = 2BEE7FFC264CC3F200B2F403 /* Project object */;
			proxyType = 1;
			remoteGlobalIDString = 2BEE8007264CC3F600B2F403;
			remoteInfo = "MyMusicPlayer (iOS)";
		};
		2BEE8024264CC3F600B2F403 /* PBXContainerItemProxy */ = {
			isa = PBXContainerItemProxy;
			containerPortal = 2BEE7FFC264CC3F200B2F403 /* Project object */;
			proxyType = 1;
			remoteGlobalIDString = 2BEE800F264CC3F600B2F403;
			remoteInfo = "MyMusicPlayer (macOS)";
		};
/* End PBXContainerItemProxy section */

/* Begin PBXFileReference section */
		2BEE8001264CC3F200B2F403 /* MyMusicPlayerApp.swift */ = {isa = PBXFileReference; lastKnownFileType = sourcecode.swift; path = MyMusicPlayerApp.swift; sourceTree = "<group>"; };
		2BEE8002264CC3F200B2F403 /* ContentView.swift */ = {isa = PBXFileReference; lastKnownFileType = sourcecode.swift; path = ContentView.swift; sourceTree = "<group>"; };
		2BEE8003264CC3F600B2F403 /* Assets.xcassets */ = {isa = PBXFileReference; lastKnownFileType = folder.assetcatalog; path = Assets.xcassets; sourceTree = "<group>"; };
		2BEE8008264CC3F600B2F403 /* MyMusicPlayer.app */ = {isa = PBXFileReference; explicitFileType = wrapper.application; includeInIndex = 0; path = MyMusicPlayer.app; sourceTree = BUILT_PRODUCTS_DIR; };
		2BEE800B264CC3F600B2F403 /* Info.plist */ = {isa = PBXFileReference; lastKnownFileType = text.plist.xml; path = Info.plist; sourceTree = "<group>"; };
		2BEE8010264CC3F600B2F403 /* MyMusicPlayer.app */ = {isa = PBXFileReference; explicitFileType = wrapper.application; includeInIndex = 0; path = MyMusicPlayer.app; sourceTree = BUILT_PRODUCTS_DIR; };
		2BEE8012264CC3F600B2F403 /* Info.plist */ = {isa = PBXFileReference; lastKnownFileType = text.plist.xml; path = Info.plist; sourceTree = "<group>"; };
		2BEE8013264CC3F600B2F403 /* macOS.entitlements */ = {isa = PBXFileReference; lastKnownFileType = text.plist.entitlements; path = macOS.entitlements; sourceTree = "<group>"; };
		2BEE8018264CC3F600B2F403 /* Tests iOS.xctest */ = {isa = PBXFileReference; explicitFileType = wrapper.cfbundle; includeInIndex = 0; path = "Tests iOS.xctest"; sourceTree = BUILT_PRODUCTS_DIR; };
		2BEE801C264CC3F600B2F403 /* Tests_iOS.swift */ = {isa = PBXFileReference; lastKnownFileType = sourcecode.swift; path = Tests_iOS.swift; sourceTree = "<group>"; };
		2BEE801E264CC3F600B2F403 /* Info.plist */ = {isa = PBXFileReference; lastKnownFileType = text.plist.xml; path = Info.plist; sourceTree = "<group>"; };
		2BEE8023264CC3F600B2F403 /* Tests macOS.xctest */ = {isa = PBXFileReference; explicitFileType = wrapper.cfbundle; includeInIndex = 0; path = "Tests macOS.xctest"; sourceTree = BUILT_PRODUCTS_DIR; };
		2BEE8027264CC3F600B2F403 /* Tests_macOS.swift */ = {isa = PBXFileReference; lastKnownFileType = sourcecode.swift; path = Tests_macOS.swift; sourceTree = "<group>"; };
		2BEE8029264CC3F600B2F403 /* Info.plist */ = {isa = PBXFileReference; lastKnownFileType = text.plist.xml; path = Info.plist; sourceTree = "<group>"; };
		2BEE803E264CC44A00B2F403 /* Extensions.swift */ = {isa = PBXFileReference; lastKnownFileType = sourcecode.swift; path = Extensions.swift; sourceTree = "<group>"; };
		2BEE8041264CCA0500B2F403 /* TWICE - MORE & MORE (Original English Demo by Zara Larsson).mp3 */ = {isa = PBXFileReference; lastKnownFileType = audio.mp3; name = "TWICE - MORE & MORE (Original English Demo by Zara Larsson).mp3"; path = "../../../../Library/Mobile Documents/com~apple~CloudDocs/TWICE - MORE & MORE (Original English Demo by Zara Larsson).mp3"; sourceTree = "<group>"; };
		2BEE8042264CCA0500B2F403 /* Hyper Potions - Pika Dance.mp3 */ = {isa = PBXFileReference; lastKnownFileType = audio.mp3; name = "Hyper Potions - Pika Dance.mp3"; path = "../../../../Library/Mobile Documents/com~apple~CloudDocs/Hyper Potions - Pika Dance.mp3"; sourceTree = "<group>"; };
		2BEE8043264CCA0600B2F403 /* THX theme, but it keeps rising.mp3 */ = {isa = PBXFileReference; lastKnownFileType = audio.mp3; path = "THX theme, but it keeps rising.mp3"; sourceTree = "<group>"; };
		2BEE8044264CCA0600B2F403 /* ITZY - 24HRS (SOPHIE Demo).mp3 */ = {isa = PBXFileReference; lastKnownFileType = audio.mp3; name = "ITZY - 24HRS (SOPHIE Demo).mp3"; path = "../../../../Library/Mobile Documents/com~apple~CloudDocs/ITZY - 24HRS (SOPHIE Demo).mp3"; sourceTree = "<group>"; };
		2BEE8045264CCA0600B2F403 /* Nintendo - Super Mario Run.mp3 */ = {isa = PBXFileReference; lastKnownFileType = audio.mp3; name = "Nintendo - Super Mario Run.mp3"; path = "../../../../Library/Mobile Documents/com~apple~CloudDocs/Nintendo - Super Mario Run.mp3"; sourceTree = "<group>"; };
/* End PBXFileReference section */

/* Begin PBXFrameworksBuildPhase section */
		2BEE8005264CC3F600B2F403 /* Frameworks */ = {
			isa = PBXFrameworksBuildPhase;
			buildActionMask = 2147483647;
			files = (
			);
			runOnlyForDeploymentPostprocessing = 0;
		};
		2BEE800D264CC3F600B2F403 /* Frameworks */ = {
			isa = PBXFrameworksBuildPhase;
			buildActionMask = 2147483647;
			files = (
			);
			runOnlyForDeploymentPostprocessing = 0;
		};
		2BEE8015264CC3F600B2F403 /* Frameworks */ = {
			isa = PBXFrameworksBuildPhase;
			buildActionMask = 2147483647;
			files = (
			);
			runOnlyForDeploymentPostprocessing = 0;
		};
		2BEE8020264CC3F600B2F403 /* Frameworks */ = {
			isa = PBXFrameworksBuildPhase;
			buildActionMask = 2147483647;
			files = (
			);
			runOnlyForDeploymentPostprocessing = 0;
		};
/* End PBXFrameworksBuildPhase section */

/* Begin PBXGroup section */
		2BEE7FFB264CC3F200B2F403 = {
			isa = PBXGroup;
			children = (
				2BEE8000264CC3F200B2F403 /* Shared */,
				2BEE800A264CC3F600B2F403 /* iOS */,
				2BEE8011264CC3F600B2F403 /* macOS */,
				2BEE801B264CC3F600B2F403 /* Tests iOS */,
				2BEE8026264CC3F600B2F403 /* Tests macOS */,
				2BEE8009264CC3F600B2F403 /* Products */,
			);
			sourceTree = "<group>";
		};
		2BEE8000264CC3F200B2F403 /* Shared */ = {
			isa = PBXGroup;
			children = (
				2BEE8042264CCA0500B2F403 /* Hyper Potions - Pika Dance.mp3 */,
				2BEE8044264CCA0600B2F403 /* ITZY - 24HRS (SOPHIE Demo).mp3 */,
				2BEE8045264CCA0600B2F403 /* Nintendo - Super Mario Run.mp3 */,
				2BEE8043264CCA0600B2F403 /* THX theme, but it keeps rising.mp3 */,
				2BEE8041264CCA0500B2F403 /* TWICE - MORE & MORE (Original English Demo by Zara Larsson).mp3 */,
				2BEE8001264CC3F200B2F403 /* MyMusicPlayerApp.swift */,
				2BEE8002264CC3F200B2F403 /* ContentView.swift */,
				2BEE803E264CC44A00B2F403 /* Extensions.swift */,
				2BEE8003264CC3F600B2F403 /* Assets.xcassets */,
			);
			path = Shared;
			sourceTree = "<group>";
		};
		2BEE8009264CC3F600B2F403 /* Products */ = {
			isa = PBXGroup;
			children = (
				2BEE8008264CC3F600B2F403 /* MyMusicPlayer.app */,
				2BEE8010264CC3F600B2F403 /* MyMusicPlayer.app */,
				2BEE8018264CC3F600B2F403 /* Tests iOS.xctest */,
				2BEE8023264CC3F600B2F403 /* Tests macOS.xctest */,
			);
			name = Products;
			sourceTree = "<group>";
		};
		2BEE800A264CC3F600B2F403 /* iOS */ = {
			isa = PBXGroup;
			children = (
				2BEE800B264CC3F600B2F403 /* Info.plist */,
			);
			path = iOS;
			sourceTree = "<group>";
		};
		2BEE8011264CC3F600B2F403 /* macOS */ = {
			isa = PBXGroup;
			children = (
				2BEE8012264CC3F600B2F403 /* Info.plist */,
				2BEE8013264CC3F600B2F403 /* macOS.entitlements */,
			);
			path = macOS;
			sourceTree = "<group>";
		};
		2BEE801B264CC3F600B2F403 /* Tests iOS */ = {
			isa = PBXGroup;
			children = (
				2BEE801C264CC3F600B2F403 /* Tests_iOS.swift */,
				2BEE801E264CC3F600B2F403 /* Info.plist */,
			);
			path = "Tests iOS";
			sourceTree = "<group>";
		};
		2BEE8026264CC3F600B2F403 /* Tests macOS */ = {
			isa = PBXGroup;
			children = (
				2BEE8027264CC3F600B2F403 /* Tests_macOS.swift */,
				2BEE8029264CC3F600B2F403 /* Info.plist */,
			);
			path = "Tests macOS";
			sourceTree = "<group>";
		};
/* End PBXGroup section */

/* Begin PBXNativeTarget section */
		2BEE8007264CC3F600B2F403 /* MyMusicPlayer (iOS) */ = {
			isa = PBXNativeTarget;
			buildConfigurationList = 2BEE8032264CC3F600B2F403 /* Build configuration list for PBXNativeTarget "MyMusicPlayer (iOS)" */;
			buildPhases = (
				2BEE8004264CC3F600B2F403 /* Sources */,
				2BEE8005264CC3F600B2F403 /* Frameworks */,
				2BEE8006264CC3F600B2F403 /* Resources */,
			);
			buildRules = (
			);
			dependencies = (
			);
			name = "MyMusicPlayer (iOS)";
			productName = "MyMusicPlayer (iOS)";
			productReference = 2BEE8008264CC3F600B2F403 /* MyMusicPlayer.app */;
			productType = "com.apple.product-type.application";
		};
		2BEE800F264CC3F600B2F403 /* MyMusicPlayer (macOS) */ = {
			isa = PBXNativeTarget;
			buildConfigurationList = 2BEE8035264CC3F600B2F403 /* Build configuration list for PBXNativeTarget "MyMusicPlayer (macOS)" */;
			buildPhases = (
				2BEE800C264CC3F600B2F403 /* Sources */,
				2BEE800D264CC3F600B2F403 /* Frameworks */,
				2BEE800E264CC3F600B2F403 /* Resources */,
			);
			buildRules = (
			);
			dependencies = (
			);
			name = "MyMusicPlayer (macOS)";
			productName = "MyMusicPlayer (macOS)";
			productReference = 2BEE8010264CC3F600B2F403 /* MyMusicPlayer.app */;
			productType = "com.apple.product-type.application";
		};
		2BEE8017264CC3F600B2F403 /* Tests iOS */ = {
			isa = PBXNativeTarget;
			buildConfigurationList = 2BEE8038264CC3F600B2F403 /* Build configuration list for PBXNativeTarget "Tests iOS" */;
			buildPhases = (
				2BEE8014264CC3F600B2F403 /* Sources */,
				2BEE8015264CC3F600B2F403 /* Frameworks */,
				2BEE8016264CC3F600B2F403 /* Resources */,
			);
			buildRules = (
			);
			dependencies = (
				2BEE801A264CC3F600B2F403 /* PBXTargetDependency */,
			);
			name = "Tests iOS";
			productName = "Tests iOS";
			productReference = 2BEE8018264CC3F600B2F403 /* Tests iOS.xctest */;
			productType = "com.apple.product-type.bundle.ui-testing";
		};
		2BEE8022264CC3F600B2F403 /* Tests macOS */ = {
			isa = PBXNativeTarget;
			buildConfigurationList = 2BEE803B264CC3F600B2F403 /* Build configuration list for PBXNativeTarget "Tests macOS" */;
			buildPhases = (
				2BEE801F264CC3F600B2F403 /* Sources */,
				2BEE8020264CC3F600B2F403 /* Frameworks */,
				2BEE8021264CC3F600B2F403 /* Resources */,
			);
			buildRules = (
			);
			dependencies = (
				2BEE8025264CC3F600B2F403 /* PBXTargetDependency */,
			);
			name = "Tests macOS";
			productName = "Tests macOS";
			productReference = 2BEE8023264CC3F600B2F403 /* Tests macOS.xctest */;
			productType = "com.apple.product-type.bundle.ui-testing";
		};
/* End PBXNativeTarget section */

/* Begin PBXProject section */
		2BEE7FFC264CC3F200B2F403 /* Project object */ = {
			isa = PBXProject;
			attributes = {
				LastSwiftUpdateCheck = 1250;
				LastUpgradeCheck = 1250;
				TargetAttributes = {
					2BEE8007264CC3F600B2F403 = {
						CreatedOnToolsVersion = 12.5;
					};
					2BEE800F264CC3F600B2F403 = {
						CreatedOnToolsVersion = 12.5;
					};
					2BEE8017264CC3F600B2F403 = {
						CreatedOnToolsVersion = 12.5;
						TestTargetID = 2BEE8007264CC3F600B2F403;
					};
					2BEE8022264CC3F600B2F403 = {
						CreatedOnToolsVersion = 12.5;
						TestTargetID = 2BEE800F264CC3F600B2F403;
					};
				};
			};
			buildConfigurationList = 2BEE7FFF264CC3F200B2F403 /* Build configuration list for PBXProject "MyMusicPlayer" */;
			compatibilityVersion = "Xcode 9.3";
			developmentRegion = en;
			hasScannedForEncodings = 0;
			knownRegions = (
				en,
				Base,
			);
			mainGroup = 2BEE7FFB264CC3F200B2F403;
			productRefGroup = 2BEE8009264CC3F600B2F403 /* Products */;
			projectDirPath = "";
			projectRoot = "";
			targets = (
				2BEE8007264CC3F600B2F403 /* MyMusicPlayer (iOS) */,
				2BEE800F264CC3F600B2F403 /* MyMusicPlayer (macOS) */,
				2BEE8017264CC3F600B2F403 /* Tests iOS */,
				2BEE8022264CC3F600B2F403 /* Tests macOS */,
			);
		};
/* End PBXProject section */

/* Begin PBXResourcesBuildPhase section */
		2BEE8006264CC3F600B2F403 /* Resources */ = {
			isa = PBXResourcesBuildPhase;
			buildActionMask = 2147483647;
			files = (
				2BEE8048264CCA0600B2F403 /* Hyper Potions - Pika Dance.mp3 in Resources */,
				2BEE8046264CCA0600B2F403 /* TWICE - MORE & MORE (Original English Demo by Zara Larsson).mp3 in Resources */,
				2BEE804E264CCA0600B2F403 /* Nintendo - Super Mario Run.mp3 in Resources */,
				2BEE802E264CC3F600B2F403 /* Assets.xcassets in Resources */,
				2BEE804A264CCA0600B2F403 /* THX theme, but it keeps rising.mp3 in Resources */,
				2BEE804C264CCA0600B2F403 /* ITZY - 24HRS (SOPHIE Demo).mp3 in Resources */,
			);
			runOnlyForDeploymentPostprocessing = 0;
		};
		2BEE800E264CC3F600B2F403 /* Resources */ = {
			isa = PBXResourcesBuildPhase;
			buildActionMask = 2147483647;
			files = (
				2BEE8049264CCA0600B2F403 /* Hyper Potions - Pika Dance.mp3 in Resources */,
				2BEE8047264CCA0600B2F403 /* TWICE - MORE & MORE (Original English Demo by Zara Larsson).mp3 in Resources */,
				2BEE804F264CCA0600B2F403 /* Nintendo - Super Mario Run.mp3 in Resources */,
				2BEE802F264CC3F600B2F403 /* Assets.xcassets in Resources */,
				2BEE804B264CCA0600B2F403 /* THX theme, but it keeps rising.mp3 in Resources */,
				2BEE804D264CCA0600B2F403 /* ITZY - 24HRS (SOPHIE Demo).mp3 in Resources */,
			);
			runOnlyForDeploymentPostprocessing = 0;
		};
		2BEE8016264CC3F600B2F403 /* Resources */ = {
			isa = PBXResourcesBuildPhase;
			buildActionMask = 2147483647;
			files = (
			);
			runOnlyForDeploymentPostprocessing = 0;
		};
		2BEE8021264CC3F600B2F403 /* Resources */ = {
			isa = PBXResourcesBuildPhase;
			buildActionMask = 2147483647;
			files = (
			);
			runOnlyForDeploymentPostprocessing = 0;
		};
/* End PBXResourcesBuildPhase section */

/* Begin PBXSourcesBuildPhase section */
		2BEE8004264CC3F600B2F403 /* Sources */ = {
			isa = PBXSourcesBuildPhase;
			buildActionMask = 2147483647;
			files = (
				2BEE802C264CC3F600B2F403 /* ContentView.swift in Sources */,
				2BEE803F264CC44A00B2F403 /* Extensions.swift in Sources */,
				2BEE802A264CC3F600B2F403 /* MyMusicPlayerApp.swift in Sources */,
			);
			runOnlyForDeploymentPostprocessing = 0;
		};
		2BEE800C264CC3F600B2F403 /* Sources */ = {
			isa = PBXSourcesBuildPhase;
			buildActionMask = 2147483647;
			files = (
				2BEE8040264CC44A00B2F403 /* Extensions.swift in Sources */,
				2BEE802B264CC3F600B2F403 /* MyMusicPlayerApp.swift in Sources */,
			);
			runOnlyForDeploymentPostprocessing = 0;
		};
		2BEE8014264CC3F600B2F403 /* Sources */ = {
			isa = PBXSourcesBuildPhase;
			buildActionMask = 2147483647;
			files = (
				2BEE801D264CC3F600B2F403 /* Tests_iOS.swift in Sources */,
			);
			runOnlyForDeploymentPostprocessing = 0;
		};
		2BEE801F264CC3F600B2F403 /* Sources */ = {
			isa = PBXSourcesBuildPhase;
			buildActionMask = 2147483647;
			files = (
				2BEE8028264CC3F600B2F403 /* Tests_macOS.swift in Sources */,
			);
			runOnlyForDeploymentPostprocessing = 0;
		};
/* End PBXSourcesBuildPhase section */

/* Begin PBXTargetDependency section */
		2BEE801A264CC3F600B2F403 /* PBXTargetDependency */ = {
			isa = PBXTargetDependency;
			target = 2BEE8007264CC3F600B2F403 /* MyMusicPlayer (iOS) */;
			targetProxy = 2BEE8019264CC3F600B2F403 /* PBXContainerItemProxy */;
		};
		2BEE8025264CC3F600B2F403 /* PBXTargetDependency */ = {
			isa = PBXTargetDependency;
			target = 2BEE800F264CC3F600B2F403 /* MyMusicPlayer (macOS) */;
			targetProxy = 2BEE8024264CC3F600B2F403 /* PBXContainerItemProxy */;
		};
/* End PBXTargetDependency section */

/* Begin XCBuildConfiguration section */
		2BEE8030264CC3F600B2F403 /* Debug */ = {
			isa = XCBuildConfiguration;
			buildSettings = {
				ALWAYS_SEARCH_USER_PATHS = NO;
				CLANG_ANALYZER_NONNULL = YES;
				CLANG_ANALYZER_NUMBER_OBJECT_CONVERSION = YES_AGGRESSIVE;
				CLANG_CXX_LANGUAGE_STANDARD = "gnu++14";
				CLANG_CXX_LIBRARY = "libc++";
				CLANG_ENABLE_MODULES = YES;
				CLANG_ENABLE_OBJC_ARC = YES;
				CLANG_ENABLE_OBJC_WEAK = YES;
				CLANG_WARN_BLOCK_CAPTURE_AUTORELEASING = YES;
				CLANG_WARN_BOOL_CONVERSION = YES;
				CLANG_WARN_COMMA = YES;
				CLANG_WARN_CONSTANT_CONVERSION = YES;
				CLANG_WARN_DEPRECATED_OBJC_IMPLEMENTATIONS = YES;
				CLANG_WARN_DIRECT_OBJC_ISA_USAGE = YES_ERROR;
				CLANG_WARN_DOCUMENTATION_COMMENTS = YES;
				CLANG_WARN_EMPTY_BODY = YES;
				CLANG_WARN_ENUM_CONVERSION = YES;
				CLANG_WARN_INFINITE_RECURSION = YES;
				CLANG_WARN_INT_CONVERSION = YES;
				CLANG_WARN_NON_LITERAL_NULL_CONVERSION = YES;
				CLANG_WARN_OBJC_IMPLICIT_RETAIN_SELF = YES;
				CLANG_WARN_OBJC_LITERAL_CONVERSION = YES;
				CLANG_WARN_OBJC_ROOT_CLASS = YES_ERROR;
				CLANG_WARN_QUOTED_INCLUDE_IN_FRAMEWORK_HEADER = YES;
				CLANG_WARN_RANGE_LOOP_ANALYSIS = YES;
				CLANG_WARN_STRICT_PROTOTYPES = YES;
				CLANG_WARN_SUSPICIOUS_MOVE = YES;
				CLANG_WARN_UNGUARDED_AVAILABILITY = YES_AGGRESSIVE;
				CLANG_WARN_UNREACHABLE_CODE = YES;
				CLANG_WARN__DUPLICATE_METHOD_MATCH = YES;
				COPY_PHASE_STRIP = NO;
				DEBUG_INFORMATION_FORMAT = dwarf;
				ENABLE_STRICT_OBJC_MSGSEND = YES;
				ENABLE_TESTABILITY = YES;
				GCC_C_LANGUAGE_STANDARD = gnu11;
				GCC_DYNAMIC_NO_PIC = NO;
				GCC_NO_COMMON_BLOCKS = YES;
				GCC_OPTIMIZATION_LEVEL = 0;
				GCC_PREPROCESSOR_DEFINITIONS = (
					"DEBUG=1",
					"$(inherited)",
				);
				GCC_WARN_64_TO_32_BIT_CONVERSION = YES;
				GCC_WARN_ABOUT_RETURN_TYPE = YES_ERROR;
				GCC_WARN_UNDECLARED_SELECTOR = YES;
				GCC_WARN_UNINITIALIZED_AUTOS = YES_AGGRESSIVE;
				GCC_WARN_UNUSED_FUNCTION = YES;
				GCC_WARN_UNUSED_VARIABLE = YES;
				MTL_ENABLE_DEBUG_INFO = INCLUDE_SOURCE;
				MTL_FAST_MATH = YES;
				ONLY_ACTIVE_ARCH = YES;
				SWIFT_ACTIVE_COMPILATION_CONDITIONS = DEBUG;
				SWIFT_OPTIMIZATION_LEVEL = "-Onone";
			};
			name = Debug;
		};
		2BEE8031264CC3F600B2F403 /* Release */ = {
			isa = XCBuildConfiguration;
			buildSettings = {
				ALWAYS_SEARCH_USER_PATHS = NO;
				CLANG_ANALYZER_NONNULL = YES;
				CLANG_ANALYZER_NUMBER_OBJECT_CONVERSION = YES_AGGRESSIVE;
				CLANG_CXX_LANGUAGE_STANDARD = "gnu++14";
				CLANG_CXX_LIBRARY = "libc++";
				CLANG_ENABLE_MODULES = YES;
				CLANG_ENABLE_OBJC_ARC = YES;
				CLANG_ENABLE_OBJC_WEAK = YES;
				CLANG_WARN_BLOCK_CAPTURE_AUTORELEASING = YES;
				CLANG_WARN_BOOL_CONVERSION = YES;
				CLANG_WARN_COMMA = YES;
				CLANG_WARN_CONSTANT_CONVERSION = YES;
				CLANG_WARN_DEPRECATED_OBJC_IMPLEMENTATIONS = YES;
				CLANG_WARN_DIRECT_OBJC_ISA_USAGE = YES_ERROR;
				CLANG_WARN_DOCUMENTATION_COMMENTS = YES;
				CLANG_WARN_EMPTY_BODY = YES;
				CLANG_WARN_ENUM_CONVERSION = YES;
				CLANG_WARN_INFINITE_RECURSION = YES;
				CLANG_WARN_INT_CONVERSION = YES;
				CLANG_WARN_NON_LITERAL_NULL_CONVERSION = YES;
				CLANG_WARN_OBJC_IMPLICIT_RETAIN_SELF = YES;
				CLANG_WARN_OBJC_LITERAL_CONVERSION = YES;
				CLANG_WARN_OBJC_ROOT_CLASS = YES_ERROR;
				CLANG_WARN_QUOTED_INCLUDE_IN_FRAMEWORK_HEADER = YES;
				CLANG_WARN_RANGE_LOOP_ANALYSIS = YES;
				CLANG_WARN_STRICT_PROTOTYPES = YES;
				CLANG_WARN_SUSPICIOUS_MOVE = YES;
				CLANG_WARN_UNGUARDED_AVAILABILITY = YES_AGGRESSIVE;
				CLANG_WARN_UNREACHABLE_CODE = YES;
				CLANG_WARN__DUPLICATE_METHOD_MATCH = YES;
				COPY_PHASE_STRIP = NO;
				DEBUG_INFORMATION_FORMAT = "dwarf-with-dsym";
				ENABLE_NS_ASSERTIONS = NO;
				ENABLE_STRICT_OBJC_MSGSEND = YES;
				GCC_C_LANGUAGE_STANDARD = gnu11;
				GCC_NO_COMMON_BLOCKS = YES;
				GCC_WARN_64_TO_32_BIT_CONVERSION = YES;
				GCC_WARN_ABOUT_RETURN_TYPE = YES_ERROR;
				GCC_WARN_UNDECLARED_SELECTOR = YES;
				GCC_WARN_UNINITIALIZED_AUTOS = YES_AGGRESSIVE;
				GCC_WARN_UNUSED_FUNCTION = YES;
				GCC_WARN_UNUSED_VARIABLE = YES;
				MTL_ENABLE_DEBUG_INFO = NO;
				MTL_FAST_MATH = YES;
				SWIFT_COMPILATION_MODE = wholemodule;
				SWIFT_OPTIMIZATION_LEVEL = "-O";
			};
			name = Release;
		};
		2BEE8033264CC3F600B2F403 /* Debug */ = {
			isa = XCBuildConfiguration;
			buildSettings = {
				ASSETCATALOG_COMPILER_APPICON_NAME = AppIcon;
				ASSETCATALOG_COMPILER_GLOBAL_ACCENT_COLOR_NAME = AccentColor;
				CODE_SIGN_STYLE = Automatic;
				DEVELOPMENT_TEAM = HT5W8ENWP3;
				ENABLE_PREVIEWS = YES;
				INFOPLIST_FILE = iOS/Info.plist;
				IPHONEOS_DEPLOYMENT_TARGET = 14.0;
				LD_RUNPATH_SEARCH_PATHS = (
					"$(inherited)",
					"@executable_path/Frameworks",
				);
				PRODUCT_BUNDLE_IDENTIFIER = ThePilotPodcast.MyMusicPlayer;
				PRODUCT_NAME = MyMusicPlayer;
				SDKROOT = iphoneos;
				SWIFT_VERSION = 5.0;
				TARGETED_DEVICE_FAMILY = "1,2";
			};
			name = Debug;
		};
		2BEE8034264CC3F600B2F403 /* Release */ = {
			isa = XCBuildConfiguration;
			buildSettings = {
				ASSETCATALOG_COMPILER_APPICON_NAME = AppIcon;
				ASSETCATALOG_COMPILER_GLOBAL_ACCENT_COLOR_NAME = AccentColor;
				CODE_SIGN_STYLE = Automatic;
				DEVELOPMENT_TEAM = HT5W8ENWP3;
				ENABLE_PREVIEWS = YES;
				INFOPLIST_FILE = iOS/Info.plist;
				IPHONEOS_DEPLOYMENT_TARGET = 14.0;
				LD_RUNPATH_SEARCH_PATHS = (
					"$(inherited)",
					"@executable_path/Frameworks",
				);
				PRODUCT_BUNDLE_IDENTIFIER = ThePilotPodcast.MyMusicPlayer;
				PRODUCT_NAME = MyMusicPlayer;
				SDKROOT = iphoneos;
				SWIFT_VERSION = 5.0;
				TARGETED_DEVICE_FAMILY = "1,2";
				VALIDATE_PRODUCT = YES;
			};
			name = Release;
		};
		2BEE8036264CC3F600B2F403 /* Debug */ = {
			isa = XCBuildConfiguration;
			buildSettings = {
				ASSETCATALOG_COMPILER_APPICON_NAME = AppIcon;
				ASSETCATALOG_COMPILER_GLOBAL_ACCENT_COLOR_NAME = AccentColor;
				CODE_SIGN_ENTITLEMENTS = macOS/macOS.entitlements;
				CODE_SIGN_STYLE = Automatic;
				COMBINE_HIDPI_IMAGES = YES;
				ENABLE_PREVIEWS = YES;
				INFOPLIST_FILE = macOS/Info.plist;
				LD_RUNPATH_SEARCH_PATHS = (
					"$(inherited)",
					"@executable_path/../Frameworks",
				);
				MACOSX_DEPLOYMENT_TARGET = 11.0;
				PRODUCT_BUNDLE_IDENTIFIER = ThePilotPodcast.MyMusicPlayer;
				PRODUCT_NAME = MyMusicPlayer;
				SDKROOT = macosx;
				SWIFT_VERSION = 5.0;
			};
			name = Debug;
		};
		2BEE8037264CC3F600B2F403 /* Release */ = {
			isa = XCBuildConfiguration;
			buildSettings = {
				ASSETCATALOG_COMPILER_APPICON_NAME = AppIcon;
				ASSETCATALOG_COMPILER_GLOBAL_ACCENT_COLOR_NAME = AccentColor;
				CODE_SIGN_ENTITLEMENTS = macOS/macOS.entitlements;
				CODE_SIGN_STYLE = Automatic;
				COMBINE_HIDPI_IMAGES = YES;
				ENABLE_PREVIEWS = YES;
				INFOPLIST_FILE = macOS/Info.plist;
				LD_RUNPATH_SEARCH_PATHS = (
					"$(inherited)",
					"@executable_path/../Frameworks",
				);
				MACOSX_DEPLOYMENT_TARGET = 11.0;
				PRODUCT_BUNDLE_IDENTIFIER = ThePilotPodcast.MyMusicPlayer;
				PRODUCT_NAME = MyMusicPlayer;
				SDKROOT = macosx;
				SWIFT_VERSION = 5.0;
			};
			name = Release;
		};
		2BEE8039264CC3F600B2F403 /* Debug */ = {
			isa = XCBuildConfiguration;
			buildSettings = {
				ALWAYS_EMBED_SWIFT_STANDARD_LIBRARIES = YES;
				CODE_SIGN_STYLE = Automatic;
				INFOPLIST_FILE = "Tests iOS/Info.plist";
				IPHONEOS_DEPLOYMENT_TARGET = 14.5;
				LD_RUNPATH_SEARCH_PATHS = (
					"$(inherited)",
					"@executable_path/Frameworks",
					"@loader_path/Frameworks",
				);
				PRODUCT_BUNDLE_IDENTIFIER = "ThePilotPodcast.Tests-iOS";
				PRODUCT_NAME = "$(TARGET_NAME)";
				SDKROOT = iphoneos;
				SWIFT_VERSION = 5.0;
				TARGETED_DEVICE_FAMILY = "1,2";
				TEST_TARGET_NAME = "MyMusicPlayer (iOS)";
			};
			name = Debug;
		};
		2BEE803A264CC3F600B2F403 /* Release */ = {
			isa = XCBuildConfiguration;
			buildSettings = {
				ALWAYS_EMBED_SWIFT_STANDARD_LIBRARIES = YES;
				CODE_SIGN_STYLE = Automatic;
				INFOPLIST_FILE = "Tests iOS/Info.plist";
				IPHONEOS_DEPLOYMENT_TARGET = 14.5;
				LD_RUNPATH_SEARCH_PATHS = (
					"$(inherited)",
					"@executable_path/Frameworks",
					"@loader_path/Frameworks",
				);
				PRODUCT_BUNDLE_IDENTIFIER = "ThePilotPodcast.Tests-iOS";
				PRODUCT_NAME = "$(TARGET_NAME)";
				SDKROOT = iphoneos;
				SWIFT_VERSION = 5.0;
				TARGETED_DEVICE_FAMILY = "1,2";
				TEST_TARGET_NAME = "MyMusicPlayer (iOS)";
				VALIDATE_PRODUCT = YES;
			};
			name = Release;
		};
		2BEE803C264CC3F600B2F403 /* Debug */ = {
			isa = XCBuildConfiguration;
			buildSettings = {
				ALWAYS_EMBED_SWIFT_STANDARD_LIBRARIES = YES;
				CODE_SIGN_STYLE = Automatic;
				COMBINE_HIDPI_IMAGES = YES;
				INFOPLIST_FILE = "Tests macOS/Info.plist";
				LD_RUNPATH_SEARCH_PATHS = (
					"$(inherited)",
					"@executable_path/../Frameworks",
					"@loader_path/../Frameworks",
				);
				MACOSX_DEPLOYMENT_TARGET = 11.3;
				PRODUCT_BUNDLE_IDENTIFIER = "ThePilotPodcast.Tests-macOS";
				PRODUCT_NAME = "$(TARGET_NAME)";
				SDKROOT = macosx;
				SWIFT_VERSION = 5.0;
				TEST_TARGET_NAME = "MyMusicPlayer (macOS)";
			};
			name = Debug;
		};
		2BEE803D264CC3F600B2F403 /* Release */ = {
			isa = XCBuildConfiguration;
			buildSettings = {
				ALWAYS_EMBED_SWIFT_STANDARD_LIBRARIES = YES;
				CODE_SIGN_STYLE = Automatic;
				COMBINE_HIDPI_IMAGES = YES;
				INFOPLIST_FILE = "Tests macOS/Info.plist";
				LD_RUNPATH_SEARCH_PATHS = (
					"$(inherited)",
					"@executable_path/../Frameworks",
					"@loader_path/../Frameworks",
				);
				MACOSX_DEPLOYMENT_TARGET = 11.3;
				PRODUCT_BUNDLE_IDENTIFIER = "ThePilotPodcast.Tests-macOS";
				PRODUCT_NAME = "$(TARGET_NAME)";
				SDKROOT = macosx;
				SWIFT_VERSION = 5.0;
				TEST_TARGET_NAME = "MyMusicPlayer (macOS)";
			};
			name = Release;
		};
/* End XCBuildConfiguration section */

/* Begin XCConfigurationList section */
		2BEE7FFF264CC3F200B2F403 /* Build configuration list for PBXProject "MyMusicPlayer" */ = {
			isa = XCConfigurationList;
			buildConfigurations = (
				2BEE8030264CC3F600B2F403 /* Debug */,
				2BEE8031264CC3F600B2F403 /* Release */,
			);
			defaultConfigurationIsVisible = 0;
			defaultConfigurationName = Release;
		};
		2BEE8032264CC3F600B2F403 /* Build configuration list for PBXNativeTarget "MyMusicPlayer (iOS)" */ = {
			isa = XCConfigurationList;
			buildConfigurations = (
				2BEE8033264CC3F600B2F403 /* Debug */,
				2BEE8034264CC3F600B2F403 /* Release */,
			);
			defaultConfigurationIsVisible = 0;
			defaultConfigurationName = Release;
		};
		2BEE8035264CC3F600B2F403 /* Build configuration list for PBXNativeTarget "MyMusicPlayer (macOS)" */ = {
			isa = XCConfigurationList;
			buildConfigurations = (
				2BEE8036264CC3F600B2F403 /* Debug */,
				2BEE8037264CC3F600B2F403 /* Release */,
			);
			defaultConfigurationIsVisible = 0;
			defaultConfigurationName = Release;
		};
		2BEE8038264CC3F600B2F403 /* Build configuration list for PBXNativeTarget "Tests iOS" */ = {
			isa = XCConfigurationList;
			buildConfigurations = (
				2BEE8039264CC3F600B2F403 /* Debug */,
				2BEE803A264CC3F600B2F403 /* Release */,
			);
			defaultConfigurationIsVisible = 0;
			defaultConfigurationName = Release;
		};
		2BEE803B264CC3F600B2F403 /* Build configuration list for PBXNativeTarget "Tests macOS" */ = {
			isa = XCConfigurationList;
			buildConfigurations = (
				2BEE803C264CC3F600B2F403 /* Debug */,
				2BEE803D264CC3F600B2F403 /* Release */,
			);
			defaultConfigurationIsVisible = 0;
			defaultConfigurationName = Release;
		};
/* End XCConfigurationList section */
	};
	rootObject = 2BEE7FFC264CC3F200B2F403 /* Project object */;
}
